
Microsoft Visual Studio Solution File, Format Version 12.00
# Visual Studio Version 16
VisualStudioVersion = 16.0.30225.117
MinimumVisualStudioVersion = 10.0.40219.1
Project("{FAE04EC0-301F-11D3-BF4B-00C04F79EFBC}") = "RK.DockableWindows.WPF", "RK.DockableWindows.WPF\RK.DockableWindows.WPF.csproj", "{1D31B17D-E623-4C89-B1FB-17782C7581B3}"
EndProject
Project("{FAE04EC0-301F-11D3-BF4B-00C04F79EFBC}") = "Demo", "Demo\Demo.csproj", "{96767F6A-A770-4EF5-9F78-2A7B6920655F}"
EndProject
Project("{FAE04EC0-301F-11D3-BF4B-00C04F79EFBC}") = "UnitTest", "UnitTest\UnitTest.csproj", "{8C1990B2-DCB3-4DF7-AC7E-76095E9CD9FA}"
EndProject
Global
	GlobalSection(SolutionConfigurationPlatforms) = preSolution
		Debug|Any CPU = Debug|Any CPU
		Release|Any CPU = Release|Any CPU
	EndGlobalSection
	GlobalSection(ProjectConfigurationPlatforms) = postSolution
		{1D31B17D-E623-4C89-B1FB-17782C7581B3}.Debug|Any CPU.ActiveCfg = Debug|Any CPU
		{1D31B17D-E623-4C89-B1FB-17782C7581B3}.Debug|Any CPU.Build.0 = Debug|Any CPU
		{1D31B17D-E623-4C89-B1FB-17782C7581B3}.Release|Any CPU.ActiveCfg = Release|Any CPU
		{1D31B17D-E623-4C89-B1FB-17782C7581B3}.Release|Any CPU.Build.0 = Release|Any CPU
		{96767F6A-A770-4EF5-9F78-2A7B6920655F}.Debug|Any CPU.ActiveCfg = Debug|Any CPU
		{96767F6A-A770-4EF5-9F78-2A7B6920655F}.Debug|Any CPU.Build.0 = Debug|Any CPU
		{96767F6A-A770-4EF5-9F78-2A7B6920655F}.Release|Any CPU.ActiveCfg = Release|Any CPU
		{96767F6A-A770-4EF5-9F78-2A7B6920655F}.Release|Any CPU.Build.0 = Release|Any CPU
		{8C1990B2-DCB3-4DF7-AC7E-76095E9CD9FA}.Debug|Any CPU.ActiveCfg = Debug|Any CPU
		{8C1990B2-DCB3-4DF7-AC7E-76095E9CD9FA}.Debug|Any CPU.Build.0 = Debug|Any CPU
		{8C1990B2-DCB3-4DF7-AC7E-76095E9CD9FA}.Release|Any CPU.ActiveCfg = Release|Any CPU
		{8C1990B2-DCB3-4DF7-AC7E-76095E9CD9FA}.Release|Any CPU.Build.0 = Release|Any CPU
	EndGlobalSection
	GlobalSection(SolutionProperties) = preSolution
		HideSolutionNode = FALSE
	EndGlobalSection
	GlobalSection(ExtensibilityGlobals) = postSolution
		SolutionGuid = {35B9CF3F-D055-4228-8213-03DC74F7F24D}
	EndGlobalSection
EndGlobal
